{
  "nodes": {
    "home-manager": {
      "inputs": {
        "nixpkgs": [
          "nixpkgs"
        ]
      },
      "locked": {
        "lastModified": 1780099287,
        "narHash": "sha256-efIPwVGtIWIjWcznhaop6XN6HxnOL8800hF6CBNvlqQ=",
        "owner": "nix-community",
        "repo": "home-manager",
        "rev": "7d8127d308c3fb9664f7e643eec944be74ebb37d",
        "type": "github"
      },
      "original": {
        "owner": "nix-community",
        "repo": "home-manager",
        "type": "github"
      }
    },
    "neovim-src": {
      "flake": false,
      "locked": {
        "lastModified": 1780520233,
        "narHash": "sha256-+suDxFU0pBuUn/gcf5l/4JIUMUWB73dwCwSWMFtCChs=",
        "owner": "neovim",
        "repo": "neovim",
        "rev": "85b607d79783f55fb4eb281517bf43b2f4d0db26",
        "type": "github"
      },
      "original": {
        "owner": "neovim",
        "repo": "neovim",
        "type": "github"
      }
    },
    "nixpkgs": {
      "locked": {
        "lastModified": 1780617073,
        "narHash": "sha256-PiWWAu+HBbHQcLK9fNXmZrJ3FyoTrG0V8m7/GCH/yk0=",
        "owner": "nixos",
        "repo": "nixpkgs",
        "rev": "33b2b54a5d8d22770c69714abb5b208157472341",
        "type": "github"
      },
      "original": {
        "owner": "nixos",
        "ref": "master",
        "repo": "nixpkgs",
        "type": "github"
      }
    },
    "root": {
      "inputs": {
        "home-manager": "home-manager",
        "neovim-src": "neovim-src",
        "nixpkgs": "nixpkgs"
      }
    }
  },
  "root": "root",
  "version": 7
}
