{
  "nodes": {
    "home-manager": {
      "inputs": {
        "nixpkgs": [
          "nixpkgs"
        ]
      },
      "locked": {
        "lastModified": 1780099287,
        "narHash": "sha256-efIPwVGtIWIjWcznhaop6XN6HxnOL8800hF6CBNvlqQ=",
        "owner": "nix-community",
        "repo": "home-manager",
        "rev": "7d8127d308c3fb9664f7e643eec944be74ebb37d",
        "type": "github"
      },
      "original": {
        "owner": "nix-community",
        "repo": "home-manager",
        "type": "github"
      }
    },
    "neovim-src": {
      "flake": false,
      "locked": {
        "lastModified": 1781054848,
        "narHash": "sha256-smxYwK6leI2gTUEebS7ebxoX9D8G3OywTJJiYL+heds=",
        "owner": "neovim",
        "repo": "neovim",
        "rev": "9708f9ddfb62c5c0926c5938c9395be1fa1c75ab",
        "type": "github"
      },
      "original": {
        "owner": "neovim",
        "repo": "neovim",
        "type": "github"
      }
    },
    "nixpkgs": {
      "locked": {
        "lastModified": 1781059623,
        "narHash": "sha256-oV5tug2QUvLvlKG0CA7lTLeM+6CaW4Xrad7Yjd4g/xA=",
        "owner": "nixos",
        "repo": "nixpkgs",
        "rev": "4982cc4cfbc4f42649075087dded0ab3cfb18092",
        "type": "github"
      },
      "original": {
        "owner": "nixos",
        "ref": "master",
        "repo": "nixpkgs",
        "type": "github"
      }
    },
    "root": {
      "inputs": {
        "home-manager": "home-manager",
        "neovim-src": "neovim-src",
        "nixpkgs": "nixpkgs"
      }
    }
  },
  "root": "root",
  "version": 7
}
